
Microsoft Visual Studio Solution File, Format Version 12.00
# Visual Studio Version 17
VisualStudioVersion = 17.3.32929.385
MinimumVisualStudioVersion = 10.0.40219.1
Project("{FAE04EC0-301F-11D3-BF4B-00C04F79EFBC}") = "PavlenkoFrolova.TechnoService", "PavlenkoFrolova.TechnoService.csproj", "{7A800BF6-AAA5-47CC-BF71-8AB82F1EB437}"
EndProject
Global
	GlobalSection(SolutionConfigurationPlatforms) = preSolution
		Debug|Any CPU = Debug|Any CPU
		Release|Any CPU = Release|Any CPU
	EndGlobalSection
	GlobalSection(ProjectConfigurationPlatforms) = postSolution
		{7A800BF6-AAA5-47CC-BF71-8AB82F1EB437}.Debug|Any CPU.ActiveCfg = Debug|Any CPU
		{7A800BF6-AAA5-47CC-BF71-8AB82F1EB437}.Debug|Any CPU.Build.0 = Debug|Any CPU
		{7A800BF6-AAA5-47CC-BF71-8AB82F1EB437}.Release|Any CPU.ActiveCfg = Release|Any CPU
		{7A800BF6-AAA5-47CC-BF71-8AB82F1EB437}.Release|Any CPU.Build.0 = Release|Any CPU
	EndGlobalSection
	GlobalSection(SolutionProperties) = preSolution
		HideSolutionNode = FALSE
	EndGlobalSection
	GlobalSection(ExtensibilityGlobals) = postSolution
		SolutionGuid = {C3019239-3851-4E5D-8049-A7EC13A784FC}
	EndGlobalSection
EndGlobal
